{
  "name": "tree-sitter-snovalang",
  "version": "0.1.0",
  "lockfileVersion": 3,
  "requires": true,
  "packages": {
    "": {
      "name": "tree-sitter-snovalang",
      "version": "0.1.0",
      "license": "Apache-2.0",
      "devDependencies": {
        "tree-sitter-cli": "^0.25.9"
      }
    },
    "node_modules/tree-sitter-cli": {
      "version": "0.25.10",
      "dev": true,
      "hasInstallScript": true,
      "license": "MIT",
      "bin": {
        "tree-sitter": "cli.js"
      },
      "engines": {
        "node": ">=12.0.0"
      }
    }
  }
}
